
Microsoft Visual Studio Solution File, Format Version 12.00
# Visual Studio Version 16
VisualStudioVersion = 16.0.31829.152
MinimumVisualStudioVersion = 10.0.40219.1
Project("{FAE04EC0-301F-11D3-BF4B-00C04F79EFBC}") = "Titan_USB_CDC_Interface", "Titan_USB_CDC_Interface\Titan_USB_CDC_Interface.csproj", "{C14325D5-CAF1-4FBB-89AD-C50E432890D2}"
EndProject
Global
	GlobalSection(SolutionConfigurationPlatforms) = preSolution
		Debug|Any CPU = Debug|Any CPU
		Release|Any CPU = Release|Any CPU
	EndGlobalSection
	GlobalSection(ProjectConfigurationPlatforms) = postSolution
		{C14325D5-CAF1-4FBB-89AD-C50E432890D2}.Debug|Any CPU.ActiveCfg = Debug|Any CPU
		{C14325D5-CAF1-4FBB-89AD-C50E432890D2}.Debug|Any CPU.Build.0 = Debug|Any CPU
		{C14325D5-CAF1-4FBB-89AD-C50E432890D2}.Release|Any CPU.ActiveCfg = Release|Any CPU
		{C14325D5-CAF1-4FBB-89AD-C50E432890D2}.Release|Any CPU.Build.0 = Release|Any CPU
	EndGlobalSection
	GlobalSection(SolutionProperties) = preSolution
		HideSolutionNode = FALSE
	EndGlobalSection
	GlobalSection(ExtensibilityGlobals) = postSolution
		SolutionGuid = {D61D8554-5FAD-4E96-87F5-208077E4C45C}
	EndGlobalSection
EndGlobal
